
Microsoft Visual Studio Solution File, Format Version 12.00
# Visual Studio Version 17
VisualStudioVersion = 17.14.36811.4 d17.14
MinimumVisualStudioVersion = 10.0.40219.1
Project("{FAE04EC0-301F-11D3-BF4B-00C04F79EFBC}") = "EmployeeWpfClient", "EmployeeWpfClient.csproj", "{B294A6DF-8029-46B6-9D92-CA778BEBD501}"
EndProject
Global
	GlobalSection(SolutionConfigurationPlatforms) = preSolution
		Debug|Any CPU = Debug|Any CPU
		Release|Any CPU = Release|Any CPU
	EndGlobalSection
	GlobalSection(ProjectConfigurationPlatforms) = postSolution
		{B294A6DF-8029-46B6-9D92-CA778BEBD501}.Debug|Any CPU.ActiveCfg = Debug|Any CPU
		{B294A6DF-8029-46B6-9D92-CA778BEBD501}.Debug|Any CPU.Build.0 = Debug|Any CPU
		{B294A6DF-8029-46B6-9D92-CA778BEBD501}.Release|Any CPU.ActiveCfg = Release|Any CPU
		{B294A6DF-8029-46B6-9D92-CA778BEBD501}.Release|Any CPU.Build.0 = Release|Any CPU
	EndGlobalSection
	GlobalSection(SolutionProperties) = preSolution
		HideSolutionNode = FALSE
	EndGlobalSection
	GlobalSection(ExtensibilityGlobals) = postSolution
		SolutionGuid = {E223CB21-7B99-4608-B3DC-C4AC0068D39C}
	EndGlobalSection
EndGlobal
